
Microsoft Visual Studio Solution File, Format Version 12.00
# Visual Studio Version 16
VisualStudioVersion = 16.0.30002.166
MinimumVisualStudioVersion = 10.0.40219.1
Project("{FAE04EC0-301F-11D3-BF4B-00C04F79EFBC}") = "Zatwierdz MM.Android", "Zatwierdz MM.Android\Zatwierdz MM.Android.csproj", "{69716598-16D5-4840-A22E-1116CF0D5FC0}"
EndProject
Project("{FAE04EC0-301F-11D3-BF4B-00C04F79EFBC}") = "Zatwierdz MM", "Zatwierdz MM\Zatwierdz MM.csproj", "{EA0895A9-DA9C-4114-8C55-807511486FA3}"
EndProject
Global
	GlobalSection(SolutionConfigurationPlatforms) = preSolution
		Debug|Any CPU = Debug|Any CPU
		Release|Any CPU = Release|Any CPU
	EndGlobalSection
	GlobalSection(ProjectConfigurationPlatforms) = postSolution
		{69716598-16D5-4840-A22E-1116CF0D5FC0}.Debug|Any CPU.ActiveCfg = Debug|Any CPU
		{69716598-16D5-4840-A22E-1116CF0D5FC0}.Debug|Any CPU.Build.0 = Debug|Any CPU
		{69716598-16D5-4840-A22E-1116CF0D5FC0}.Debug|Any CPU.Deploy.0 = Debug|Any CPU
		{69716598-16D5-4840-A22E-1116CF0D5FC0}.Release|Any CPU.ActiveCfg = Release|Any CPU
		{69716598-16D5-4840-A22E-1116CF0D5FC0}.Release|Any CPU.Build.0 = Release|Any CPU
		{69716598-16D5-4840-A22E-1116CF0D5FC0}.Release|Any CPU.Deploy.0 = Release|Any CPU
		{EA0895A9-DA9C-4114-8C55-807511486FA3}.Debug|Any CPU.ActiveCfg = Debug|Any CPU
		{EA0895A9-DA9C-4114-8C55-807511486FA3}.Debug|Any CPU.Build.0 = Debug|Any CPU
		{EA0895A9-DA9C-4114-8C55-807511486FA3}.Debug|Any CPU.Deploy.0 = Debug|Any CPU
		{EA0895A9-DA9C-4114-8C55-807511486FA3}.Release|Any CPU.ActiveCfg = Release|Any CPU
		{EA0895A9-DA9C-4114-8C55-807511486FA3}.Release|Any CPU.Build.0 = Release|Any CPU
		{EA0895A9-DA9C-4114-8C55-807511486FA3}.Release|Any CPU.Deploy.0 = Release|Any CPU
	EndGlobalSection
	GlobalSection(SolutionProperties) = preSolution
		HideSolutionNode = FALSE
	EndGlobalSection
	GlobalSection(ExtensibilityGlobals) = postSolution
		SolutionGuid = {A3918FF8-8B33-4C61-98D5-73CD76B476D9}
	EndGlobalSection
EndGlobal
